{
  "requires": true,
  "lockfileVersion": 1,
  "dependencies": {
    "taggle": {
      "version": "1.13.0",
      "resolved": "https://registry.npmjs.org/taggle/-/taggle-1.13.0.tgz",
      "integrity": "sha512-kK6GxL36oyjc4pLDS+Rdhxi6oDK6iDlnkb4M9ZCACy2U+EoVX4w6dO2O/xGNavSImNlXvfvRKT4XZ28u3rYwCw=="
    }
  }
}
