{
  "requires": true,
  "lockfileVersion": 1,
  "dependencies": {
    "jquery": {
      "version": "3.3.1",
      "resolved": "https://registry.npmjs.org/jquery/-/jquery-3.3.1.tgz",
      "integrity": "sha512-Ubldcmxp5np52/ENotGxlLe6aGMvmF4R8S6tZjsP6Knsaxd/xp3Zrh50cG93lR6nPXyUFwzN3ZSOQI0wRJNdGg=="
    },
    "taggle": {
      "version": "1.13.0",
      "resolved": "https://registry.npmjs.org/taggle/-/taggle-1.13.0.tgz",
      "integrity": "sha512-kK6GxL36oyjc4pLDS+Rdhxi6oDK6iDlnkb4M9ZCACy2U+EoVX4w6dO2O/xGNavSImNlXvfvRKT4XZ28u3rYwCw=="
    }
  }
}
